// !$*UTF8*$!
{
	archiveVersion = 1;
	classes = {
	};
	objectVersion = 46;
	objects = {

/* Begin PBXBuildFile section */
		D22335061AAD3DA500C10FD6 /* Sim_object.cpp in Sources */ = {isa = PBXBuildFile; fileRef = D2F91A391AA91D3300CB23BA /* Sim_object.cpp */; };
		D22335071AAD3DA500C10FD6 /* Island.cpp in Sources */ = {isa = PBXBuildFile; fileRef = D2F91A3B1AA91E3300CB23BA /* Island.cpp */; };
		D22335081AAD3DA500C10FD6 /* Ship.cpp in Sources */ = {isa = PBXBuildFile; fileRef = D2F91A261AA90DB200CB23BA /* Ship.cpp */; };
		D22335091AAD3DA500C10FD6 /* Tanker.cpp in Sources */ = {isa = PBXBuildFile; fileRef = D239A23B1AAAAF7E00856589 /* Tanker.cpp */; };
		D223350A1AAD3DA500C10FD6 /* Warship.cpp in Sources */ = {isa = PBXBuildFile; fileRef = D23DAABD1AAB8B4C003793E6 /* Warship.cpp */; };
		D223350B1AAD3DA500C10FD6 /* Cruiser.cpp in Sources */ = {isa = PBXBuildFile; fileRef = D23DAABF1AAB9679003793E6 /* Cruiser.cpp */; };
		D223350C1AAD3DA500C10FD6 /* Ship_factory.cpp in Sources */ = {isa = PBXBuildFile; fileRef = D23DAAC11AAB9A46003793E6 /* Ship_factory.cpp */; };
		D223350D1AAD3DA500C10FD6 /* Controller.cpp in Sources */ = {isa = PBXBuildFile; fileRef = D23DAAC31AABA668003793E6 /* Controller.cpp */; };
		D223350E1AAD3DA500C10FD6 /* Model.cpp in Sources */ = {isa = PBXBuildFile; fileRef = D2F91A241AA90DB200CB23BA /* Model.cpp */; };
		D223350F1AAD3DA500C10FD6 /* View.cpp in Sources */ = {isa = PBXBuildFile; fileRef = D2F91A2B1AA90DB200CB23BA /* View.cpp */; };
		D22335101AAD3DA500C10FD6 /* Utility.cpp in Sources */ = {isa = PBXBuildFile; fileRef = D22024D71AA95FC600941BE4 /* Utility.cpp */; };
		D22335111AAD3DA500C10FD6 /* Track_base.cpp in Sources */ = {isa = PBXBuildFile; fileRef = D2F91A2F1AA90DB200CB23BA /* Track_base.cpp */; };
		D22335121AAD3DA500C10FD6 /* Geometry.cpp in Sources */ = {isa = PBXBuildFile; fileRef = D2F91A1B1AA90DB200CB23BA /* Geometry.cpp */; };
		D22335131AAD3DA500C10FD6 /* Navigation.cpp in Sources */ = {isa = PBXBuildFile; fileRef = D2F91A1D1AA90DB200CB23BA /* Navigation.cpp */; };
		D22335141AAD3DA500C10FD6 /* p4_main.cpp in Sources */ = {isa = PBXBuildFile; fileRef = D2F91A1F1AA90DB200CB23BA /* p4_main.cpp */; };
/* End PBXBuildFile section */

/* Begin PBXCopyFilesBuildPhase section */
		D2F91A0A1AA90BBD00CB23BA /* CopyFiles */ = {
			isa = PBXCopyFilesBuildPhase;
			buildActionMask = 2147483647;
			dstPath = /usr/share/man/man1/;
			dstSubfolderSpec = 0;
			files = (
			);
			runOnlyForDeploymentPostprocessing = 1;
		};
/* End PBXCopyFilesBuildPhase section */

/* Begin PBXFileReference section */
		D22024D71AA95FC600941BE4 /* Utility.cpp */ = {isa = PBXFileReference; fileEncoding = 4; lastKnownFileType = sourcecode.cpp.cpp; path = Utility.cpp; sourceTree = "<group>"; };
		D22024D91AA96ECE00941BE4 /* test_main.cpp */ = {isa = PBXFileReference; fileEncoding = 4; lastKnownFileType = sourcecode.cpp.cpp; path = test_main.cpp; sourceTree = "<group>"; };
		D239A23B1AAAAF7E00856589 /* Tanker.cpp */ = {isa = PBXFileReference; fileEncoding = 4; lastKnownFileType = sourcecode.cpp.cpp; path = Tanker.cpp; sourceTree = "<group>"; };
		D23DAABD1AAB8B4C003793E6 /* Warship.cpp */ = {isa = PBXFileReference; fileEncoding = 4; lastKnownFileType = sourcecode.cpp.cpp; path = Warship.cpp; sourceTree = "<group>"; };
		D23DAABF1AAB9679003793E6 /* Cruiser.cpp */ = {isa = PBXFileReference; fileEncoding = 4; lastKnownFileType = sourcecode.cpp.cpp; path = Cruiser.cpp; sourceTree = "<group>"; };
		D23DAAC11AAB9A46003793E6 /* Ship_factory.cpp */ = {isa = PBXFileReference; fileEncoding = 4; lastKnownFileType = sourcecode.cpp.cpp; path = Ship_factory.cpp; sourceTree = "<group>"; };
		D23DAAC31AABA668003793E6 /* Controller.cpp */ = {isa = PBXFileReference; fileEncoding = 4; lastKnownFileType = sourcecode.cpp.cpp; path = Controller.cpp; sourceTree = "<group>"; };
		D2F91A0C1AA90BBD00CB23BA /* EECS381P4 */ = {isa = PBXFileReference; explicitFileType = "compiled.mach-o.executable"; includeInIndex = 0; path = EECS381P4; sourceTree = BUILT_PRODUCTS_DIR; };
		D2F91A1B1AA90DB200CB23BA /* Geometry.cpp */ = {isa = PBXFileReference; fileEncoding = 4; lastKnownFileType = sourcecode.cpp.cpp; path = Geometry.cpp; sourceTree = "<group>"; };
		D2F91A1C1AA90DB200CB23BA /* Geometry.h */ = {isa = PBXFileReference; fileEncoding = 4; lastKnownFileType = sourcecode.c.h; path = Geometry.h; sourceTree = "<group>"; };
		D2F91A1D1AA90DB200CB23BA /* Navigation.cpp */ = {isa = PBXFileReference; fileEncoding = 4; lastKnownFileType = sourcecode.cpp.cpp; path = Navigation.cpp; sourceTree = "<group>"; };
		D2F91A1E1AA90DB200CB23BA /* Navigation.h */ = {isa = PBXFileReference; fileEncoding = 4; lastKnownFileType = sourcecode.c.h; path = Navigation.h; sourceTree = "<group>"; };
		D2F91A1F1AA90DB200CB23BA /* p4_main.cpp */ = {isa = PBXFileReference; fileEncoding = 4; lastKnownFileType = sourcecode.cpp.cpp; path = p4_main.cpp; sourceTree = "<group>"; };
		D2F91A201AA90DB200CB23BA /* Ship_factory.h */ = {isa = PBXFileReference; fileEncoding = 4; lastKnownFileType = sourcecode.c.h; path = Ship_factory.h; sourceTree = "<group>"; };
		D2F91A211AA90DB200CB23BA /* Controller.h */ = {isa = PBXFileReference; fileEncoding = 4; lastKnownFileType = sourcecode.c.h; path = Controller.h; sourceTree = "<group>"; };
		D2F91A221AA90DB200CB23BA /* Cruiser.h */ = {isa = PBXFileReference; fileEncoding = 4; lastKnownFileType = sourcecode.c.h; path = Cruiser.h; sourceTree = "<group>"; };
		D2F91A231AA90DB200CB23BA /* Island.h */ = {isa = PBXFileReference; fileEncoding = 4; lastKnownFileType = sourcecode.c.h; path = Island.h; sourceTree = "<group>"; };
		D2F91A241AA90DB200CB23BA /* Model.cpp */ = {isa = PBXFileReference; fileEncoding = 4; lastKnownFileType = sourcecode.cpp.cpp; path = Model.cpp; sourceTree = "<group>"; };
		D2F91A251AA90DB200CB23BA /* Model.h */ = {isa = PBXFileReference; fileEncoding = 4; lastKnownFileType = sourcecode.c.h; path = Model.h; sourceTree = "<group>"; };
		D2F91A261AA90DB200CB23BA /* Ship.cpp */ = {isa = PBXFileReference; fileEncoding = 4; lastKnownFileType = sourcecode.cpp.cpp; path = Ship.cpp; sourceTree = "<group>"; };
		D2F91A271AA90DB200CB23BA /* Ship.h */ = {isa = PBXFileReference; fileEncoding = 4; lastKnownFileType = sourcecode.c.h; path = Ship.h; sourceTree = "<group>"; };
		D2F91A281AA90DB200CB23BA /* Sim_object.h */ = {isa = PBXFileReference; fileEncoding = 4; lastKnownFileType = sourcecode.c.h; path = Sim_object.h; sourceTree = "<group>"; };
		D2F91A291AA90DB200CB23BA /* Tanker.h */ = {isa = PBXFileReference; fileEncoding = 4; lastKnownFileType = sourcecode.c.h; path = Tanker.h; sourceTree = "<group>"; };
		D2F91A2A1AA90DB200CB23BA /* Utility.h */ = {isa = PBXFileReference; fileEncoding = 4; lastKnownFileType = sourcecode.c.h; path = Utility.h; sourceTree = "<group>"; };
		D2F91A2B1AA90DB200CB23BA /* View.cpp */ = {isa = PBXFileReference; fileEncoding = 4; lastKnownFileType = sourcecode.cpp.cpp; path = View.cpp; sourceTree = "<group>"; };
		D2F91A2C1AA90DB200CB23BA /* View.h */ = {isa = PBXFileReference; fileEncoding = 4; lastKnownFileType = sourcecode.c.h; path = View.h; sourceTree = "<group>"; };
		D2F91A2D1AA90DB200CB23BA /* Warship.h */ = {isa = PBXFileReference; fileEncoding = 4; lastKnownFileType = sourcecode.c.h; path = Warship.h; sourceTree = "<group>"; };
		D2F91A2E1AA90DB200CB23BA /* strings.txt */ = {isa = PBXFileReference; fileEncoding = 4; lastKnownFileType = text; path = strings.txt; sourceTree = "<group>"; };
		D2F91A2F1AA90DB200CB23BA /* Track_base.cpp */ = {isa = PBXFileReference; fileEncoding = 4; lastKnownFileType = sourcecode.cpp.cpp; path = Track_base.cpp; sourceTree = "<group>"; };
		D2F91A301AA90DB200CB23BA /* Track_base.h */ = {isa = PBXFileReference; fileEncoding = 4; lastKnownFileType = sourcecode.c.h; path = Track_base.h; sourceTree = "<group>"; };
		D2F91A391AA91D3300CB23BA /* Sim_object.cpp */ = {isa = PBXFileReference; fileEncoding = 4; lastKnownFileType = sourcecode.cpp.cpp; path = Sim_object.cpp; sourceTree = "<group>"; };
		D2F91A3B1AA91E3300CB23BA /* Island.cpp */ = {isa = PBXFileReference; fileEncoding = 4; lastKnownFileType = sourcecode.cpp.cpp; path = Island.cpp; sourceTree = "<group>"; };
/* End PBXFileReference section */

/* Begin PBXFrameworksBuildPhase section */
		D2F91A091AA90BBD00CB23BA /* Frameworks */ = {
			isa = PBXFrameworksBuildPhase;
			buildActionMask = 2147483647;
			files = (
			);
			runOnlyForDeploymentPostprocessing = 0;
		};
/* End PBXFrameworksBuildPhase section */

/* Begin PBXGroup section */
		D2F91A031AA90BBD00CB23BA = {
			isa = PBXGroup;
			children = (
				D2F91A381AA90DB900CB23BA /* EECS381P4 */,
				D2F91A0D1AA90BBD00CB23BA /* Products */,
			);
			sourceTree = "<group>";
		};
		D2F91A0D1AA90BBD00CB23BA /* Products */ = {
			isa = PBXGroup;
			children = (
				D2F91A0C1AA90BBD00CB23BA /* EECS381P4 */,
			);
			name = Products;
			sourceTree = "<group>";
		};
		D2F91A381AA90DB900CB23BA /* EECS381P4 */ = {
			isa = PBXGroup;
			children = (
				D2F91A281AA90DB200CB23BA /* Sim_object.h */,
				D2F91A391AA91D3300CB23BA /* Sim_object.cpp */,
				D2F91A231AA90DB200CB23BA /* Island.h */,
				D2F91A3B1AA91E3300CB23BA /* Island.cpp */,
				D2F91A271AA90DB200CB23BA /* Ship.h */,
				D2F91A261AA90DB200CB23BA /* Ship.cpp */,
				D2F91A291AA90DB200CB23BA /* Tanker.h */,
				D239A23B1AAAAF7E00856589 /* Tanker.cpp */,
				D2F91A2D1AA90DB200CB23BA /* Warship.h */,
				D23DAABD1AAB8B4C003793E6 /* Warship.cpp */,
				D2F91A221AA90DB200CB23BA /* Cruiser.h */,
				D23DAABF1AAB9679003793E6 /* Cruiser.cpp */,
				D2F91A201AA90DB200CB23BA /* Ship_factory.h */,
				D23DAAC11AAB9A46003793E6 /* Ship_factory.cpp */,
				D2F91A211AA90DB200CB23BA /* Controller.h */,
				D23DAAC31AABA668003793E6 /* Controller.cpp */,
				D2F91A251AA90DB200CB23BA /* Model.h */,
				D2F91A241AA90DB200CB23BA /* Model.cpp */,
				D2F91A2C1AA90DB200CB23BA /* View.h */,
				D2F91A2B1AA90DB200CB23BA /* View.cpp */,
				D2F91A2A1AA90DB200CB23BA /* Utility.h */,
				D22024D71AA95FC600941BE4 /* Utility.cpp */,
				D2F91A2E1AA90DB200CB23BA /* strings.txt */,
				D2F91A2F1AA90DB200CB23BA /* Track_base.cpp */,
				D2F91A301AA90DB200CB23BA /* Track_base.h */,
				D2F91A1B1AA90DB200CB23BA /* Geometry.cpp */,
				D2F91A1C1AA90DB200CB23BA /* Geometry.h */,
				D2F91A1D1AA90DB200CB23BA /* Navigation.cpp */,
				D2F91A1E1AA90DB200CB23BA /* Navigation.h */,
				D2F91A1F1AA90DB200CB23BA /* p4_main.cpp */,
				D22024D91AA96ECE00941BE4 /* test_main.cpp */,
			);
			name = EECS381P4;
			sourceTree = "<group>";
		};
/* End PBXGroup section */

/* Begin PBXNativeTarget section */
		D2F91A0B1AA90BBD00CB23BA /* EECS381P4 */ = {
			isa = PBXNativeTarget;
			buildConfigurationList = D2F91A131AA90BBD00CB23BA /* Build configuration list for PBXNativeTarget "EECS381P4" */;
			buildPhases = (
				D2F91A081AA90BBD00CB23BA /* Sources */,
				D2F91A091AA90BBD00CB23BA /* Frameworks */,
				D2F91A0A1AA90BBD00CB23BA /* CopyFiles */,
			);
			buildRules = (
			);
			dependencies = (
			);
			name = EECS381P4;
			productName = EECS381P4;
			productReference = D2F91A0C1AA90BBD00CB23BA /* EECS381P4 */;
			productType = "com.apple.product-type.tool";
		};
/* End PBXNativeTarget section */

/* Begin PBXProject section */
		D2F91A041AA90BBD00CB23BA /* Project object */ = {
			isa = PBXProject;
			attributes = {
				LastUpgradeCheck = 0610;
				ORGANIZATIONNAME = wjkcow;
				TargetAttributes = {
					D2F91A0B1AA90BBD00CB23BA = {
						CreatedOnToolsVersion = 6.1.1;
					};
				};
			};
			buildConfigurationList = D2F91A071AA90BBD00CB23BA /* Build configuration list for PBXProject "EECS381P4" */;
			compatibilityVersion = "Xcode 3.2";
			developmentRegion = English;
			hasScannedForEncodings = 0;
			knownRegions = (
				en,
			);
			mainGroup = D2F91A031AA90BBD00CB23BA;
			productRefGroup = D2F91A0D1AA90BBD00CB23BA /* Products */;
			projectDirPath = "";
			projectRoot = "";
			targets = (
				D2F91A0B1AA90BBD00CB23BA /* EECS381P4 */,
			);
		};
/* End PBXProject section */

/* Begin PBXSourcesBuildPhase section */
		D2F91A081AA90BBD00CB23BA /* Sources */ = {
			isa = PBXSourcesBuildPhase;
			buildActionMask = 2147483647;
			files = (
				D22335061AAD3DA500C10FD6 /* Sim_object.cpp in Sources */,
				D22335071AAD3DA500C10FD6 /* Island.cpp in Sources */,
				D22335081AAD3DA500C10FD6 /* Ship.cpp in Sources */,
				D22335091AAD3DA500C10FD6 /* Tanker.cpp in Sources */,
				D223350A1AAD3DA500C10FD6 /* Warship.cpp in Sources */,
				D223350B1AAD3DA500C10FD6 /* Cruiser.cpp in Sources */,
				D223350C1AAD3DA500C10FD6 /* Ship_factory.cpp in Sources */,
				D223350D1AAD3DA500C10FD6 /* Controller.cpp in Sources */,
				D223350E1AAD3DA500C10FD6 /* Model.cpp in Sources */,
				D223350F1AAD3DA500C10FD6 /* View.cpp in Sources */,
				D22335101AAD3DA500C10FD6 /* Utility.cpp in Sources */,
				D22335111AAD3DA500C10FD6 /* Track_base.cpp in Sources */,
				D22335121AAD3DA500C10FD6 /* Geometry.cpp in Sources */,
				D22335131AAD3DA500C10FD6 /* Navigation.cpp in Sources */,
				D22335141AAD3DA500C10FD6 /* p4_main.cpp in Sources */,
			);
			runOnlyForDeploymentPostprocessing = 0;
		};
/* End PBXSourcesBuildPhase section */

/* Begin XCBuildConfiguration section */
		D2F91A111AA90BBD00CB23BA /* Debug */ = {
			isa = XCBuildConfiguration;
			buildSettings = {
				ALWAYS_SEARCH_USER_PATHS = NO;
				CLANG_CXX_LANGUAGE_STANDARD = "gnu++0x";
				CLANG_CXX_LIBRARY = "libc++";
				CLANG_ENABLE_MODULES = YES;
				CLANG_ENABLE_OBJC_ARC = YES;
				CLANG_WARN_BOOL_CONVERSION = YES;
				CLANG_WARN_CONSTANT_CONVERSION = YES;
				CLANG_WARN_DIRECT_OBJC_ISA_USAGE = YES_ERROR;
				CLANG_WARN_EMPTY_BODY = YES;
				CLANG_WARN_ENUM_CONVERSION = YES;
				CLANG_WARN_INT_CONVERSION = YES;
				CLANG_WARN_OBJC_ROOT_CLASS = YES_ERROR;
				CLANG_WARN_UNREACHABLE_CODE = YES;
				CLANG_WARN__DUPLICATE_METHOD_MATCH = YES;
				COPY_PHASE_STRIP = NO;
				ENABLE_STRICT_OBJC_MSGSEND = YES;
				GCC_C_LANGUAGE_STANDARD = gnu99;
				GCC_DYNAMIC_NO_PIC = NO;
				GCC_OPTIMIZATION_LEVEL = 0;
				GCC_PREPROCESSOR_DEFINITIONS = (
					"DEBUG=1",
					"$(inherited)",
				);
				GCC_SYMBOLS_PRIVATE_EXTERN = NO;
				GCC_WARN_64_TO_32_BIT_CONVERSION = YES;
				GCC_WARN_ABOUT_RETURN_TYPE = YES_ERROR;
				GCC_WARN_UNDECLARED_SELECTOR = YES;
				GCC_WARN_UNINITIALIZED_AUTOS = YES_AGGRESSIVE;
				GCC_WARN_UNUSED_FUNCTION = YES;
				GCC_WARN_UNUSED_VARIABLE = YES;
				MACOSX_DEPLOYMENT_TARGET = 10.10;
				MTL_ENABLE_DEBUG_INFO = YES;
				ONLY_ACTIVE_ARCH = YES;
				SDKROOT = macosx;
			};
			name = Debug;
		};
		D2F91A121AA90BBD00CB23BA /* Release */ = {
			isa = XCBuildConfiguration;
			buildSettings = {
				ALWAYS_SEARCH_USER_PATHS = NO;
				CLANG_CXX_LANGUAGE_STANDARD = "gnu++0x";
				CLANG_CXX_LIBRARY = "libc++";
				CLANG_ENABLE_MODULES = YES;
				CLANG_ENABLE_OBJC_ARC = YES;
				CLANG_WARN_BOOL_CONVERSION = YES;
				CLANG_WARN_CONSTANT_CONVERSION = YES;
				CLANG_WARN_DIRECT_OBJC_ISA_USAGE = YES_ERROR;
				CLANG_WARN_EMPTY_BODY = YES;
				CLANG_WARN_ENUM_CONVERSION = YES;
				CLANG_WARN_INT_CONVERSION = YES;
				CLANG_WARN_OBJC_ROOT_CLASS = YES_ERROR;
				CLANG_WARN_UNREACHABLE_CODE = YES;
				CLANG_WARN__DUPLICATE_METHOD_MATCH = YES;
				COPY_PHASE_STRIP = YES;
				DEBUG_INFORMATION_FORMAT = "dwarf-with-dsym";
				ENABLE_NS_ASSERTIONS = NO;
				ENABLE_STRICT_OBJC_MSGSEND = YES;
				GCC_C_LANGUAGE_STANDARD = gnu99;
				GCC_WARN_64_TO_32_BIT_CONVERSION = YES;
				GCC_WARN_ABOUT_RETURN_TYPE = YES_ERROR;
				GCC_WARN_UNDECLARED_SELECTOR = YES;
				GCC_WARN_UNINITIALIZED_AUTOS = YES_AGGRESSIVE;
				GCC_WARN_UNUSED_FUNCTION = YES;
				GCC_WARN_UNUSED_VARIABLE = YES;
				MACOSX_DEPLOYMENT_TARGET = 10.10;
				MTL_ENABLE_DEBUG_INFO = NO;
				SDKROOT = macosx;
			};
			name = Release;
		};
		D2F91A141AA90BBD00CB23BA /* Debug */ = {
			isa = XCBuildConfiguration;
			buildSettings = {
				ARCHS = "$(NATIVE_ARCH_ACTUAL)";
				CLANG_CXX_LANGUAGE_STANDARD = "c++0x";
				GCC_INPUT_FILETYPE = sourcecode.cpp.cpp;
				GCC_WARN_ABOUT_MISSING_NEWLINE = YES;
				GCC_WARN_PEDANTIC = YES;
				GCC_WARN_SIGN_COMPARE = YES;
				ONLY_ACTIVE_ARCH = YES;
				PRODUCT_NAME = "$(TARGET_NAME)";
			};
			name = Debug;
		};
		D2F91A151AA90BBD00CB23BA /* Release */ = {
			isa = XCBuildConfiguration;
			buildSettings = {
				ARCHS = "$(NATIVE_ARCH_ACTUAL)";
				CLANG_CXX_LANGUAGE_STANDARD = "c++0x";
				GCC_INPUT_FILETYPE = sourcecode.cpp.cpp;
				GCC_WARN_ABOUT_MISSING_NEWLINE = YES;
				GCC_WARN_PEDANTIC = YES;
				GCC_WARN_SIGN_COMPARE = YES;
				ONLY_ACTIVE_ARCH = YES;
				PRODUCT_NAME = "$(TARGET_NAME)";
			};
			name = Release;
		};
/* End XCBuildConfiguration section */

/* Begin XCConfigurationList section */
		D2F91A071AA90BBD00CB23BA /* Build configuration list for PBXProject "EECS381P4" */ = {
			isa = XCConfigurationList;
			buildConfigurations = (
				D2F91A111AA90BBD00CB23BA /* Debug */,
				D2F91A121AA90BBD00CB23BA /* Release */,
			);
			defaultConfigurationIsVisible = 0;
			defaultConfigurationName = Release;
		};
		D2F91A131AA90BBD00CB23BA /* Build configuration list for PBXNativeTarget "EECS381P4" */ = {
			isa = XCConfigurationList;
			buildConfigurations = (
				D2F91A141AA90BBD00CB23BA /* Debug */,
				D2F91A151AA90BBD00CB23BA /* Release */,
			);
			defaultConfigurationIsVisible = 0;
			defaultConfigurationName = Release;
		};
/* End XCConfigurationList section */
	};
	rootObject = D2F91A041AA90BBD00CB23BA /* Project object */;
}
